// !$*UTF8*$!
{
	archiveVersion = 1;
	classes = {
	};
	objectVersion = 46;
	objects = {

/* Begin PBXBuildFile section */
		1A51C6391ABD72F4002ECB5A /* SSDPClient.h in Headers */ = {isa = PBXBuildFile; fileRef = 1A51C6381ABD72F4002ECB5A /* SSDPClient.h */; settings = {ATTRIBUTES = (Public, ); }; };
		1A51C63F1ABD72F4002ECB5A /* SSDPClient.framework in Frameworks */ = {isa = PBXBuildFile; fileRef = 1A51C6331ABD72F4002ECB5A /* SSDPClient.framework */; };
		1A51C6571ABD73DC002ECB5A /* SSDPClient.swift in Sources */ = {isa = PBXBuildFile; fileRef = 1A51C6561ABD73DC002ECB5A /* SSDPClient.swift */; };
		1A5971581AC1E725006CC29B /* SSDPClientTests.swift in Sources */ = {isa = PBXBuildFile; fileRef = 1A51C6451ABD72F4002ECB5A /* SSDPClientTests.swift */; };
		1A59715A1AC1E853006CC29B /* GCDAsyncUdpSocket.h in Headers */ = {isa = PBXBuildFile; fileRef = 1A5971591AC1E853006CC29B /* GCDAsyncUdpSocket.h */; settings = {ATTRIBUTES = (Public, ); }; };
		1A59715C1AC1E85B006CC29B /* GCDAsyncUdpSocket.m in Sources */ = {isa = PBXBuildFile; fileRef = 1A59715B1AC1E85B006CC29B /* GCDAsyncUdpSocket.m */; };
/* End PBXBuildFile section */

/* Begin PBXContainerItemProxy section */
		1A51C6401ABD72F4002ECB5A /* PBXContainerItemProxy */ = {
			isa = PBXContainerItemProxy;
			containerPortal = 1A51C62A1ABD72F4002ECB5A /* Project object */;
			proxyType = 1;
			remoteGlobalIDString = 1A51C6321ABD72F4002ECB5A;
			remoteInfo = SSDPClient;
		};
/* End PBXContainerItemProxy section */

/* Begin PBXFileReference section */
		1A51C6331ABD72F4002ECB5A /* SSDPClient.framework */ = {isa = PBXFileReference; explicitFileType = wrapper.framework; includeInIndex = 0; path = SSDPClient.framework; sourceTree = BUILT_PRODUCTS_DIR; };
		1A51C6371ABD72F4002ECB5A /* Info.plist */ = {isa = PBXFileReference; lastKnownFileType = text.plist.xml; path = Info.plist; sourceTree = "<group>"; };
		1A51C6381ABD72F4002ECB5A /* SSDPClient.h */ = {isa = PBXFileReference; lastKnownFileType = sourcecode.c.h; path = SSDPClient.h; sourceTree = "<group>"; };
		1A51C63E1ABD72F4002ECB5A /* SSDPClientTests.xctest */ = {isa = PBXFileReference; explicitFileType = wrapper.cfbundle; includeInIndex = 0; path = SSDPClientTests.xctest; sourceTree = BUILT_PRODUCTS_DIR; };
		1A51C6441ABD72F4002ECB5A /* Info.plist */ = {isa = PBXFileReference; lastKnownFileType = text.plist.xml; path = Info.plist; sourceTree = "<group>"; };
		1A51C6451ABD72F4002ECB5A /* SSDPClientTests.swift */ = {isa = PBXFileReference; lastKnownFileType = sourcecode.swift; path = SSDPClientTests.swift; sourceTree = "<group>"; };
		1A51C6561ABD73DC002ECB5A /* SSDPClient.swift */ = {isa = PBXFileReference; fileEncoding = 4; lastKnownFileType = sourcecode.swift; path = SSDPClient.swift; sourceTree = "<group>"; };
		1A5971591AC1E853006CC29B /* GCDAsyncUdpSocket.h */ = {isa = PBXFileReference; fileEncoding = 4; lastKnownFileType = sourcecode.c.h; path = GCDAsyncUdpSocket.h; sourceTree = "<group>"; };
		1A59715B1AC1E85B006CC29B /* GCDAsyncUdpSocket.m */ = {isa = PBXFileReference; fileEncoding = 4; lastKnownFileType = sourcecode.c.objc; path = GCDAsyncUdpSocket.m; sourceTree = "<group>"; };
		1AE8765C1AC2110400833AF0 /* README.md */ = {isa = PBXFileReference; fileEncoding = 4; lastKnownFileType = net.daringfireball.markdown; path = README.md; sourceTree = "<group>"; };
/* End PBXFileReference section */

/* Begin PBXFrameworksBuildPhase section */
		1A51C62F1ABD72F4002ECB5A /* Frameworks */ = {
			isa = PBXFrameworksBuildPhase;
			buildActionMask = 2147483647;
			files = (
			);
			runOnlyForDeploymentPostprocessing = 0;
		};
		1A51C63B1ABD72F4002ECB5A /* Frameworks */ = {
			isa = PBXFrameworksBuildPhase;
			buildActionMask = 2147483647;
			files = (
				1A51C63F1ABD72F4002ECB5A /* SSDPClient.framework in Frameworks */,
			);
			runOnlyForDeploymentPostprocessing = 0;
		};
/* End PBXFrameworksBuildPhase section */

/* Begin PBXGroup section */
		1A51C6291ABD72F4002ECB5A = {
			isa = PBXGroup;
			children = (
				1AE8765C1AC2110400833AF0 /* README.md */,
				1A51C6531ABD739F002ECB5A /* Vendor */,
				1A51C6351ABD72F4002ECB5A /* SSDPClient */,
				1A51C6421ABD72F4002ECB5A /* SSDPClientTests */,
				1A51C6341ABD72F4002ECB5A /* Products */,
			);
			sourceTree = "<group>";
		};
		1A51C6341ABD72F4002ECB5A /* Products */ = {
			isa = PBXGroup;
			children = (
				1A51C6331ABD72F4002ECB5A /* SSDPClient.framework */,
				1A51C63E1ABD72F4002ECB5A /* SSDPClientTests.xctest */,
			);
			name = Products;
			sourceTree = "<group>";
		};
		1A51C6351ABD72F4002ECB5A /* SSDPClient */ = {
			isa = PBXGroup;
			children = (
				1A51C6381ABD72F4002ECB5A /* SSDPClient.h */,
				1A51C6561ABD73DC002ECB5A /* SSDPClient.swift */,
				1A51C6361ABD72F4002ECB5A /* Supporting Files */,
			);
			path = SSDPClient;
			sourceTree = "<group>";
		};
		1A51C6361ABD72F4002ECB5A /* Supporting Files */ = {
			isa = PBXGroup;
			children = (
				1A51C6371ABD72F4002ECB5A /* Info.plist */,
			);
			name = "Supporting Files";
			sourceTree = "<group>";
		};
		1A51C6421ABD72F4002ECB5A /* SSDPClientTests */ = {
			isa = PBXGroup;
			children = (
				1A51C6451ABD72F4002ECB5A /* SSDPClientTests.swift */,
				1A51C6431ABD72F4002ECB5A /* Supporting Files */,
			);
			path = SSDPClientTests;
			sourceTree = "<group>";
		};
		1A51C6431ABD72F4002ECB5A /* Supporting Files */ = {
			isa = PBXGroup;
			children = (
				1A51C6441ABD72F4002ECB5A /* Info.plist */,
			);
			name = "Supporting Files";
			sourceTree = "<group>";
		};
		1A51C6531ABD739F002ECB5A /* Vendor */ = {
			isa = PBXGroup;
			children = (
				1A5971591AC1E853006CC29B /* GCDAsyncUdpSocket.h */,
				1A59715B1AC1E85B006CC29B /* GCDAsyncUdpSocket.m */,
			);
			name = Vendor;
			sourceTree = "<group>";
		};
/* End PBXGroup section */

/* Begin PBXHeadersBuildPhase section */
		1A51C6301ABD72F4002ECB5A /* Headers */ = {
			isa = PBXHeadersBuildPhase;
			buildActionMask = 2147483647;
			files = (
				1A51C6391ABD72F4002ECB5A /* SSDPClient.h in Headers */,
				1A59715A1AC1E853006CC29B /* GCDAsyncUdpSocket.h in Headers */,
			);
			runOnlyForDeploymentPostprocessing = 0;
		};
/* End PBXHeadersBuildPhase section */

/* Begin PBXNativeTarget section */
		1A51C6321ABD72F4002ECB5A /* SSDPClient */ = {
			isa = PBXNativeTarget;
			buildConfigurationList = 1A51C6491ABD72F4002ECB5A /* Build configuration list for PBXNativeTarget "SSDPClient" */;
			buildPhases = (
				1A51C62E1ABD72F4002ECB5A /* Sources */,
				1A51C62F1ABD72F4002ECB5A /* Frameworks */,
				1A51C6301ABD72F4002ECB5A /* Headers */,
				1A51C6311ABD72F4002ECB5A /* Resources */,
			);
			buildRules = (
			);
			dependencies = (
			);
			name = SSDPClient;
			productName = SSDPClient;
			productReference = 1A51C6331ABD72F4002ECB5A /* SSDPClient.framework */;
			productType = "com.apple.product-type.framework";
		};
		1A51C63D1ABD72F4002ECB5A /* SSDPClientTests */ = {
			isa = PBXNativeTarget;
			buildConfigurationList = 1A51C64C1ABD72F4002ECB5A /* Build configuration list for PBXNativeTarget "SSDPClientTests" */;
			buildPhases = (
				1A51C63A1ABD72F4002ECB5A /* Sources */,
				1A51C63B1ABD72F4002ECB5A /* Frameworks */,
				1A51C63C1ABD72F4002ECB5A /* Resources */,
			);
			buildRules = (
			);
			dependencies = (
				1A51C6411ABD72F4002ECB5A /* PBXTargetDependency */,
			);
			name = SSDPClientTests;
			productName = SSDPClientTests;
			productReference = 1A51C63E1ABD72F4002ECB5A /* SSDPClientTests.xctest */;
			productType = "com.apple.product-type.bundle.unit-test";
		};
/* End PBXNativeTarget section */

/* Begin PBXProject section */
		1A51C62A1ABD72F4002ECB5A /* Project object */ = {
			isa = PBXProject;
			attributes = {
				LastUpgradeCheck = 0620;
				ORGANIZATIONNAME = "Pierrick Rouxel";
				TargetAttributes = {
					1A51C6321ABD72F4002ECB5A = {
						CreatedOnToolsVersion = 6.2;
					};
					1A51C63D1ABD72F4002ECB5A = {
						CreatedOnToolsVersion = 6.2;
					};
				};
			};
			buildConfigurationList = 1A51C62D1ABD72F4002ECB5A /* Build configuration list for PBXProject "SSDPClient" */;
			compatibilityVersion = "Xcode 3.2";
			developmentRegion = English;
			hasScannedForEncodings = 0;
			knownRegions = (
				en,
			);
			mainGroup = 1A51C6291ABD72F4002ECB5A;
			productRefGroup = 1A51C6341ABD72F4002ECB5A /* Products */;
			projectDirPath = "";
			projectRoot = "";
			targets = (
				1A51C6321ABD72F4002ECB5A /* SSDPClient */,
				1A51C63D1ABD72F4002ECB5A /* SSDPClientTests */,
			);
		};
/* End PBXProject section */

/* Begin PBXResourcesBuildPhase section */
		1A51C6311ABD72F4002ECB5A /* Resources */ = {
			isa = PBXResourcesBuildPhase;
			buildActionMask = 2147483647;
			files = (
			);
			runOnlyForDeploymentPostprocessing = 0;
		};
		1A51C63C1ABD72F4002ECB5A /* Resources */ = {
			isa = PBXResourcesBuildPhase;
			buildActionMask = 2147483647;
			files = (
			);
			runOnlyForDeploymentPostprocessing = 0;
		};
/* End PBXResourcesBuildPhase section */

/* Begin PBXSourcesBuildPhase section */
		1A51C62E1ABD72F4002ECB5A /* Sources */ = {
			isa = PBXSourcesBuildPhase;
			buildActionMask = 2147483647;
			files = (
				1A59715C1AC1E85B006CC29B /* GCDAsyncUdpSocket.m in Sources */,
				1A51C6571ABD73DC002ECB5A /* SSDPClient.swift in Sources */,
			);
			runOnlyForDeploymentPostprocessing = 0;
		};
		1A51C63A1ABD72F4002ECB5A /* Sources */ = {
			isa = PBXSourcesBuildPhase;
			buildActionMask = 2147483647;
			files = (
				1A5971581AC1E725006CC29B /* SSDPClientTests.swift in Sources */,
			);
			runOnlyForDeploymentPostprocessing = 0;
		};
/* End PBXSourcesBuildPhase section */

/* Begin PBXTargetDependency section */
		1A51C6411ABD72F4002ECB5A /* PBXTargetDependency */ = {
			isa = PBXTargetDependency;
			target = 1A51C6321ABD72F4002ECB5A /* SSDPClient */;
			targetProxy = 1A51C6401ABD72F4002ECB5A /* PBXContainerItemProxy */;
		};
/* End PBXTargetDependency section */

/* Begin XCBuildConfiguration section */
		1A51C6471ABD72F4002ECB5A /* Debug */ = {
			isa = XCBuildConfiguration;
			buildSettings = {
				ALWAYS_SEARCH_USER_PATHS = NO;
				CLANG_ALLOW_NON_MODULAR_INCLUDES_IN_FRAMEWORK_MODULES = NO;
				CLANG_CXX_LANGUAGE_STANDARD = "gnu++0x";
				CLANG_CXX_LIBRARY = "libc++";
				CLANG_ENABLE_MODULES = YES;
				CLANG_ENABLE_OBJC_ARC = YES;
				CLANG_WARN_BOOL_CONVERSION = YES;
				CLANG_WARN_CONSTANT_CONVERSION = YES;
				CLANG_WARN_DIRECT_OBJC_ISA_USAGE = YES_ERROR;
				CLANG_WARN_EMPTY_BODY = YES;
				CLANG_WARN_ENUM_CONVERSION = YES;
				CLANG_WARN_INT_CONVERSION = YES;
				CLANG_WARN_OBJC_ROOT_CLASS = YES_ERROR;
				CLANG_WARN_UNREACHABLE_CODE = YES;
				CLANG_WARN__DUPLICATE_METHOD_MATCH = YES;
				COPY_PHASE_STRIP = NO;
				CURRENT_PROJECT_VERSION = 1;
				ENABLE_STRICT_OBJC_MSGSEND = YES;
				GCC_C_LANGUAGE_STANDARD = gnu99;
				GCC_DYNAMIC_NO_PIC = NO;
				GCC_OPTIMIZATION_LEVEL = 0;
				GCC_PREPROCESSOR_DEFINITIONS = (
					"DEBUG=1",
					"$(inherited)",
				);
				GCC_SYMBOLS_PRIVATE_EXTERN = NO;
				GCC_WARN_64_TO_32_BIT_CONVERSION = YES;
				GCC_WARN_ABOUT_RETURN_TYPE = YES_ERROR;
				GCC_WARN_UNDECLARED_SELECTOR = YES;
				GCC_WARN_UNINITIALIZED_AUTOS = YES_AGGRESSIVE;
				GCC_WARN_UNUSED_FUNCTION = YES;
				GCC_WARN_UNUSED_VARIABLE = YES;
				MACOSX_DEPLOYMENT_TARGET = 10.10;
				MTL_ENABLE_DEBUG_INFO = YES;
				ONLY_ACTIVE_ARCH = YES;
				SDKROOT = macosx;
				SWIFT_OPTIMIZATION_LEVEL = "-Onone";
				VERSIONING_SYSTEM = "apple-generic";
				VERSION_INFO_PREFIX = "";
			};
			name = Debug;
		};
		1A51C6481ABD72F4002ECB5A /* Release */ = {
			isa = XCBuildConfiguration;
			buildSettings = {
				ALWAYS_SEARCH_USER_PATHS = NO;
				CLANG_ALLOW_NON_MODULAR_INCLUDES_IN_FRAMEWORK_MODULES = NO;
				CLANG_CXX_LANGUAGE_STANDARD = "gnu++0x";
				CLANG_CXX_LIBRARY = "libc++";
				CLANG_ENABLE_MODULES = YES;
				CLANG_ENABLE_OBJC_ARC = YES;
				CLANG_WARN_BOOL_CONVERSION = YES;
				CLANG_WARN_CONSTANT_CONVERSION = YES;
				CLANG_WARN_DIRECT_OBJC_ISA_USAGE = YES_ERROR;
				CLANG_WARN_EMPTY_BODY = YES;
				CLANG_WARN_ENUM_CONVERSION = YES;
				CLANG_WARN_INT_CONVERSION = YES;
				CLANG_WARN_OBJC_ROOT_CLASS = YES_ERROR;
				CLANG_WARN_UNREACHABLE_CODE = YES;
				CLANG_WARN__DUPLICATE_METHOD_MATCH = YES;
				COPY_PHASE_STRIP = NO;
				CURRENT_PROJECT_VERSION = 1;
				DEBUG_INFORMATION_FORMAT = "dwarf-with-dsym";
				ENABLE_NS_ASSERTIONS = NO;
				ENABLE_STRICT_OBJC_MSGSEND = YES;
				GCC_C_LANGUAGE_STANDARD = gnu99;
				GCC_WARN_64_TO_32_BIT_CONVERSION = YES;
				GCC_WARN_ABOUT_RETURN_TYPE = YES_ERROR;
				GCC_WARN_UNDECLARED_SELECTOR = YES;
				GCC_WARN_UNINITIALIZED_AUTOS = YES_AGGRESSIVE;
				GCC_WARN_UNUSED_FUNCTION = YES;
				GCC_WARN_UNUSED_VARIABLE = YES;
				MACOSX_DEPLOYMENT_TARGET = 10.10;
				MTL_ENABLE_DEBUG_INFO = NO;
				SDKROOT = macosx;
				VERSIONING_SYSTEM = "apple-generic";
				VERSION_INFO_PREFIX = "";
			};
			name = Release;
		};
		1A51C64A1ABD72F4002ECB5A /* Debug */ = {
			isa = XCBuildConfiguration;
			buildSettings = {
				CLANG_ALLOW_NON_MODULAR_INCLUDES_IN_FRAMEWORK_MODULES = NO;
				CLANG_ENABLE_MODULES = YES;
				COMBINE_HIDPI_IMAGES = YES;
				DEFINES_MODULE = YES;
				DYLIB_COMPATIBILITY_VERSION = 1;
				DYLIB_CURRENT_VERSION = 1;
				DYLIB_INSTALL_NAME_BASE = "@rpath";
				FRAMEWORK_VERSION = A;
				INFOPLIST_FILE = SSDPClient/Info.plist;
				INSTALL_PATH = "$(LOCAL_LIBRARY_DIR)/Frameworks";
				LD_RUNPATH_SEARCH_PATHS = "$(inherited) @executable_path/../Frameworks @loader_path/Frameworks";
				PRODUCT_NAME = "$(TARGET_NAME)";
				SKIP_INSTALL = YES;
				SWIFT_OPTIMIZATION_LEVEL = "-Onone";
			};
			name = Debug;
		};
		1A51C64B1ABD72F4002ECB5A /* Release */ = {
			isa = XCBuildConfiguration;
			buildSettings = {
				CLANG_ALLOW_NON_MODULAR_INCLUDES_IN_FRAMEWORK_MODULES = NO;
				CLANG_ENABLE_MODULES = YES;
				COMBINE_HIDPI_IMAGES = YES;
				DEFINES_MODULE = YES;
				DYLIB_COMPATIBILITY_VERSION = 1;
				DYLIB_CURRENT_VERSION = 1;
				DYLIB_INSTALL_NAME_BASE = "@rpath";
				FRAMEWORK_VERSION = A;
				INFOPLIST_FILE = SSDPClient/Info.plist;
				INSTALL_PATH = "$(LOCAL_LIBRARY_DIR)/Frameworks";
				LD_RUNPATH_SEARCH_PATHS = "$(inherited) @executable_path/../Frameworks @loader_path/Frameworks";
				PRODUCT_NAME = "$(TARGET_NAME)";
				SKIP_INSTALL = YES;
			};
			name = Release;
		};
		1A51C64D1ABD72F4002ECB5A /* Debug */ = {
			isa = XCBuildConfiguration;
			buildSettings = {
				CLANG_ALLOW_NON_MODULAR_INCLUDES_IN_FRAMEWORK_MODULES = NO;
				COMBINE_HIDPI_IMAGES = YES;
				FRAMEWORK_SEARCH_PATHS = (
					"$(DEVELOPER_FRAMEWORKS_DIR)",
					"$(inherited)",
				);
				GCC_PREPROCESSOR_DEFINITIONS = (
					"DEBUG=1",
					"$(inherited)",
				);
				INFOPLIST_FILE = SSDPClientTests/Info.plist;
				LD_RUNPATH_SEARCH_PATHS = "$(inherited) @executable_path/../Frameworks @loader_path/../Frameworks";
				PRODUCT_NAME = "$(TARGET_NAME)";
			};
			name = Debug;
		};
		1A51C64E1ABD72F4002ECB5A /* Release */ = {
			isa = XCBuildConfiguration;
			buildSettings = {
				CLANG_ALLOW_NON_MODULAR_INCLUDES_IN_FRAMEWORK_MODULES = NO;
				COMBINE_HIDPI_IMAGES = YES;
				FRAMEWORK_SEARCH_PATHS = (
					"$(DEVELOPER_FRAMEWORKS_DIR)",
					"$(inherited)",
				);
				INFOPLIST_FILE = SSDPClientTests/Info.plist;
				LD_RUNPATH_SEARCH_PATHS = "$(inherited) @executable_path/../Frameworks @loader_path/../Frameworks";
				PRODUCT_NAME = "$(TARGET_NAME)";
			};
			name = Release;
		};
/* End XCBuildConfiguration section */

/* Begin XCConfigurationList section */
		1A51C62D1ABD72F4002ECB5A /* Build configuration list for PBXProject "SSDPClient" */ = {
			isa = XCConfigurationList;
			buildConfigurations = (
				1A51C6471ABD72F4002ECB5A /* Debug */,
				1A51C6481ABD72F4002ECB5A /* Release */,
			);
			defaultConfigurationIsVisible = 0;
			defaultConfigurationName = Release;
		};
		1A51C6491ABD72F4002ECB5A /* Build configuration list for PBXNativeTarget "SSDPClient" */ = {
			isa = XCConfigurationList;
			buildConfigurations = (
				1A51C64A1ABD72F4002ECB5A /* Debug */,
				1A51C64B1ABD72F4002ECB5A /* Release */,
			);
			defaultConfigurationIsVisible = 0;
			defaultConfigurationName = Release;
		};
		1A51C64C1ABD72F4002ECB5A /* Build configuration list for PBXNativeTarget "SSDPClientTests" */ = {
			isa = XCConfigurationList;
			buildConfigurations = (
				1A51C64D1ABD72F4002ECB5A /* Debug */,
				1A51C64E1ABD72F4002ECB5A /* Release */,
			);
			defaultConfigurationIsVisible = 0;
			defaultConfigurationName = Release;
		};
/* End XCConfigurationList section */
	};
	rootObject = 1A51C62A1ABD72F4002ECB5A /* Project object */;
}
